
Microsoft Visual Studio Solution File, Format Version 12.00
# Visual Studio 2015
Project("{FAE04EC0-301F-11D3-BF4B-00C04F79EFBC}") = "Blade's edge.CSharp", "Blade's edge.CSharp.csproj", "{CFB551F4-38B1-97C4-D152-90669F84FF24}"
EndProject
Global
	GlobalSection(SolutionConfigurationPlatforms) = preSolution
		Debug|Any CPU = Debug|Any CPU
		Release|Any CPU = Release|Any CPU
	EndGlobalSection
	GlobalSection(ProjectConfigurationPlatforms) = postSolution
		{CFB551F4-38B1-97C4-D152-90669F84FF24}.Debug|Any CPU.ActiveCfg = Debug|Any CPU
		{CFB551F4-38B1-97C4-D152-90669F84FF24}.Debug|Any CPU.Build.0 = Debug|Any CPU
		{CFB551F4-38B1-97C4-D152-90669F84FF24}.Release|Any CPU.ActiveCfg = Release|Any CPU
		{CFB551F4-38B1-97C4-D152-90669F84FF24}.Release|Any CPU.Build.0 = Release|Any CPU
	EndGlobalSection
	GlobalSection(SolutionProperties) = preSolution
		HideSolutionNode = FALSE
	EndGlobalSection
EndGlobal
